
Microsoft Visual Studio Solution File, Format Version 12.00
# Visual Studio Version 16
VisualStudioVersion = 16.0.33130.400
MinimumVisualStudioVersion = 10.0.40219.1
Project("{FAE04EC0-301F-11D3-BF4B-00C04F79EFBC}") = "PCCFPI_Project", "PCCFPI_Project\PCCFPI_Project.csproj", "{A91A3F0F-01F1-4DAD-8A06-9FC1806ED603}"
EndProject
Global
	GlobalSection(SolutionConfigurationPlatforms) = preSolution
		Debug|Any CPU = Debug|Any CPU
		Release|Any CPU = Release|Any CPU
	EndGlobalSection
	GlobalSection(ProjectConfigurationPlatforms) = postSolution
		{A91A3F0F-01F1-4DAD-8A06-9FC1806ED603}.Debug|Any CPU.ActiveCfg = Debug|Any CPU
		{A91A3F0F-01F1-4DAD-8A06-9FC1806ED603}.Debug|Any CPU.Build.0 = Debug|Any CPU
		{A91A3F0F-01F1-4DAD-8A06-9FC1806ED603}.Release|Any CPU.ActiveCfg = Release|Any CPU
		{A91A3F0F-01F1-4DAD-8A06-9FC1806ED603}.Release|Any CPU.Build.0 = Release|Any CPU
	EndGlobalSection
	GlobalSection(SolutionProperties) = preSolution
		HideSolutionNode = FALSE
	EndGlobalSection
	GlobalSection(ExtensibilityGlobals) = postSolution
		SolutionGuid = {6D622C0E-B001-47DB-882A-518F8327C99F}
	EndGlobalSection
EndGlobal
